// !$*UTF8*$!
{
	archiveVersion = 1;
	classes = {
	};
	objectVersion = 56;
	objects = {

/* Begin PBXBuildFile section */
		3035C0D32B94B1E0006DC7C3 /* MenuDemo.swift in Sources */ = {isa = PBXBuildFile; fileRef = 3035C0D22B94B1E0006DC7C3 /* MenuDemo.swift */; };
		30807F722B663B5600554F80 /* MyTaskApp.swift in Sources */ = {isa = PBXBuildFile; fileRef = 30807F712B663B5600554F80 /* MyTaskApp.swift */; };
		30807F762B663B5700554F80 /* Assets.xcassets in Resources */ = {isa = PBXBuildFile; fileRef = 30807F752B663B5700554F80 /* Assets.xcassets */; };
		30807F792B663B5700554F80 /* Preview Assets.xcassets in Resources */ = {isa = PBXBuildFile; fileRef = 30807F782B663B5700554F80 /* Preview Assets.xcassets */; };
		30807F7B2B663B5700554F80 /* Persistence.swift in Sources */ = {isa = PBXBuildFile; fileRef = 30807F7A2B663B5700554F80 /* Persistence.swift */; };
		30807F7E2B663B5700554F80 /* MyTask.xcdatamodeld in Sources */ = {isa = PBXBuildFile; fileRef = 30807F7C2B663B5700554F80 /* MyTask.xcdatamodeld */; };
		30807F882B663B5800554F80 /* MyTaskTests.swift in Sources */ = {isa = PBXBuildFile; fileRef = 30807F872B663B5800554F80 /* MyTaskTests.swift */; };
		30807F922B663B5800554F80 /* MyTaskUITests.swift in Sources */ = {isa = PBXBuildFile; fileRef = 30807F912B663B5800554F80 /* MyTaskUITests.swift */; };
		30807F942B663B5800554F80 /* MyTaskUITestsLaunchTests.swift in Sources */ = {isa = PBXBuildFile; fileRef = 30807F932B663B5800554F80 /* MyTaskUITestsLaunchTests.swift */; };
		30807FA32B663BFC00554F80 /* Task.swift in Sources */ = {isa = PBXBuildFile; fileRef = 30807FA22B663BFC00554F80 /* Task.swift */; };
		30807FA52B663D6300554F80 /* TaskViewModel.swift in Sources */ = {isa = PBXBuildFile; fileRef = 30807FA42B663D6300554F80 /* TaskViewModel.swift */; };
		30807FA92B663F0000554F80 /* HomeView.swift in Sources */ = {isa = PBXBuildFile; fileRef = 30807FA82B663F0000554F80 /* HomeView.swift */; };
		30807FAD2B66479D00554F80 /* Date+Extension.swift in Sources */ = {isa = PBXBuildFile; fileRef = 30807FAC2B66479D00554F80 /* Date+Extension.swift */; };
		30807FB02B668BDC00554F80 /* AddTaskView.swift in Sources */ = {isa = PBXBuildFile; fileRef = 30807FAF2B668BDC00554F80 /* AddTaskView.swift */; };
		30807FB22B6AB6CB00554F80 /* HyperlinkDemo.swift in Sources */ = {isa = PBXBuildFile; fileRef = 30807FB12B6AB6CB00554F80 /* HyperlinkDemo.swift */; };
		30D951BC2B9E0795001EDEB8 /* TaskDetailView.swift in Sources */ = {isa = PBXBuildFile; fileRef = 30D951BB2B9E0795001EDEB8 /* TaskDetailView.swift */; };
/* End PBXBuildFile section */

/* Begin PBXContainerItemProxy section */
		30807F842B663B5800554F80 /* PBXContainerItemProxy */ = {
			isa = PBXContainerItemProxy;
			containerPortal = 30807F662B663B5600554F80 /* Project object */;
			proxyType = 1;
			remoteGlobalIDString = 30807F6D2B663B5600554F80;
			remoteInfo = MyTask;
		};
		30807F8E2B663B5800554F80 /* PBXContainerItemProxy */ = {
			isa = PBXContainerItemProxy;
			containerPortal = 30807F662B663B5600554F80 /* Project object */;
			proxyType = 1;
			remoteGlobalIDString = 30807F6D2B663B5600554F80;
			remoteInfo = MyTask;
		};
/* End PBXContainerItemProxy section */

/* Begin PBXFileReference section */
		3035C0D22B94B1E0006DC7C3 /* MenuDemo.swift */ = {isa = PBXFileReference; lastKnownFileType = sourcecode.swift; path = MenuDemo.swift; sourceTree = "<group>"; };
		30807F6E2B663B5600554F80 /* MyTask.app */ = {isa = PBXFileReference; explicitFileType = wrapper.application; includeInIndex = 0; path = MyTask.app; sourceTree = BUILT_PRODUCTS_DIR; };
		30807F712B663B5600554F80 /* MyTaskApp.swift */ = {isa = PBXFileReference; lastKnownFileType = sourcecode.swift; path = MyTaskApp.swift; sourceTree = "<group>"; };
		30807F752B663B5700554F80 /* Assets.xcassets */ = {isa = PBXFileReference; lastKnownFileType = folder.assetcatalog; path = Assets.xcassets; sourceTree = "<group>"; };
		30807F782B663B5700554F80 /* Preview Assets.xcassets */ = {isa = PBXFileReference; lastKnownFileType = folder.assetcatalog; path = "Preview Assets.xcassets"; sourceTree = "<group>"; };
		30807F7A2B663B5700554F80 /* Persistence.swift */ = {isa = PBXFileReference; lastKnownFileType = sourcecode.swift; path = Persistence.swift; sourceTree = "<group>"; };
		30807F7D2B663B5700554F80 /* MyTask.xcdatamodel */ = {isa = PBXFileReference; lastKnownFileType = wrapper.xcdatamodel; path = MyTask.xcdatamodel; sourceTree = "<group>"; };
		30807F832B663B5800554F80 /* MyTaskTests.xctest */ = {isa = PBXFileReference; explicitFileType = wrapper.cfbundle; includeInIndex = 0; path = MyTaskTests.xctest; sourceTree = BUILT_PRODUCTS_DIR; };
		30807F872B663B5800554F80 /* MyTaskTests.swift */ = {isa = PBXFileReference; lastKnownFileType = sourcecode.swift; path = MyTaskTests.swift; sourceTree = "<group>"; };
		30807F8D2B663B5800554F80 /* MyTaskUITests.xctest */ = {isa = PBXFileReference; explicitFileType = wrapper.cfbundle; includeInIndex = 0; path = MyTaskUITests.xctest; sourceTree = BUILT_PRODUCTS_DIR; };
		30807F912B663B5800554F80 /* MyTaskUITests.swift */ = {isa = PBXFileReference; lastKnownFileType = sourcecode.swift; path = MyTaskUITests.swift; sourceTree = "<group>"; };
		30807F932B663B5800554F80 /* MyTaskUITestsLaunchTests.swift */ = {isa = PBXFileReference; lastKnownFileType = sourcecode.swift; path = MyTaskUITestsLaunchTests.swift; sourceTree = "<group>"; };
		30807FA22B663BFC00554F80 /* Task.swift */ = {isa = PBXFileReference; lastKnownFileType = sourcecode.swift; path = Task.swift; sourceTree = "<group>"; };
		30807FA42B663D6300554F80 /* TaskViewModel.swift */ = {isa = PBXFileReference; lastKnownFileType = sourcecode.swift; path = TaskViewModel.swift; sourceTree = "<group>"; };
		30807FA82B663F0000554F80 /* HomeView.swift */ = {isa = PBXFileReference; lastKnownFileType = sourcecode.swift; path = HomeView.swift; sourceTree = "<group>"; };
		30807FAC2B66479D00554F80 /* Date+Extension.swift */ = {isa = PBXFileReference; lastKnownFileType = sourcecode.swift; path = "Date+Extension.swift"; sourceTree = "<group>"; };
		30807FAF2B668BDC00554F80 /* AddTaskView.swift */ = {isa = PBXFileReference; lastKnownFileType = sourcecode.swift; path = AddTaskView.swift; sourceTree = "<group>"; };
		30807FB12B6AB6CB00554F80 /* HyperlinkDemo.swift */ = {isa = PBXFileReference; lastKnownFileType = sourcecode.swift; path = HyperlinkDemo.swift; sourceTree = "<group>"; };
		30D951BB2B9E0795001EDEB8 /* TaskDetailView.swift */ = {isa = PBXFileReference; lastKnownFileType = sourcecode.swift; path = TaskDetailView.swift; sourceTree = "<group>"; };
/* End PBXFileReference section */

/* Begin PBXFrameworksBuildPhase section */
		30807F6B2B663B5600554F80 /* Frameworks */ = {
			isa = PBXFrameworksBuildPhase;
			buildActionMask = 2147483647;
			files = (
			);
			runOnlyForDeploymentPostprocessing = 0;
		};
		30807F802B663B5800554F80 /* Frameworks */ = {
			isa = PBXFrameworksBuildPhase;
			buildActionMask = 2147483647;
			files = (
			);
			runOnlyForDeploymentPostprocessing = 0;
		};
		30807F8A2B663B5800554F80 /* Frameworks */ = {
			isa = PBXFrameworksBuildPhase;
			buildActionMask = 2147483647;
			files = (
			);
			runOnlyForDeploymentPostprocessing = 0;
		};
/* End PBXFrameworksBuildPhase section */

/* Begin PBXGroup section */
		30807F652B663B5600554F80 = {
			isa = PBXGroup;
			children = (
				30807F702B663B5600554F80 /* MyTask */,
				30807F862B663B5800554F80 /* MyTaskTests */,
				30807F902B663B5800554F80 /* MyTaskUITests */,
				30807F6F2B663B5600554F80 /* Products */,
			);
			sourceTree = "<group>";
		};
		30807F6F2B663B5600554F80 /* Products */ = {
			isa = PBXGroup;
			children = (
				30807F6E2B663B5600554F80 /* MyTask.app */,
				30807F832B663B5800554F80 /* MyTaskTests.xctest */,
				30807F8D2B663B5800554F80 /* MyTaskUITests.xctest */,
			);
			name = Products;
			sourceTree = "<group>";
		};
		30807F702B663B5600554F80 /* MyTask */ = {
			isa = PBXGroup;
			children = (
				30807F712B663B5600554F80 /* MyTaskApp.swift */,
				30807FAA2B66477000554F80 /* Uitils */,
				30807FA62B663ECD00554F80 /* Views */,
				30807FA12B663BD100554F80 /* ViewModel */,
				30807FA02B663BC900554F80 /* Model */,
				30807F752B663B5700554F80 /* Assets.xcassets */,
				30807F7A2B663B5700554F80 /* Persistence.swift */,
				30807F7C2B663B5700554F80 /* MyTask.xcdatamodeld */,
				30807F772B663B5700554F80 /* Preview Content */,
			);
			path = MyTask;
			sourceTree = "<group>";
		};
		30807F772B663B5700554F80 /* Preview Content */ = {
			isa = PBXGroup;
			children = (
				30807F782B663B5700554F80 /* Preview Assets.xcassets */,
			);
			path = "Preview Content";
			sourceTree = "<group>";
		};
		30807F862B663B5800554F80 /* MyTaskTests */ = {
			isa = PBXGroup;
			children = (
				30807F872B663B5800554F80 /* MyTaskTests.swift */,
			);
			path = MyTaskTests;
			sourceTree = "<group>";
		};
		30807F902B663B5800554F80 /* MyTaskUITests */ = {
			isa = PBXGroup;
			children = (
				30807F912B663B5800554F80 /* MyTaskUITests.swift */,
				30807F932B663B5800554F80 /* MyTaskUITestsLaunchTests.swift */,
			);
			path = MyTaskUITests;
			sourceTree = "<group>";
		};
		30807FA02B663BC900554F80 /* Model */ = {
			isa = PBXGroup;
			children = (
				30807FA22B663BFC00554F80 /* Task.swift */,
			);
			path = Model;
			sourceTree = "<group>";
		};
		30807FA12B663BD100554F80 /* ViewModel */ = {
			isa = PBXGroup;
			children = (
				30807FA42B663D6300554F80 /* TaskViewModel.swift */,
			);
			path = ViewModel;
			sourceTree = "<group>";
		};
		30807FA62B663ECD00554F80 /* Views */ = {
			isa = PBXGroup;
			children = (
				30D951BA2B9E0780001EDEB8 /* TaskDetailView */,
				30807FAE2B668BC700554F80 /* AddTaskView */,
				30807FA72B663EE600554F80 /* HomeView */,
			);
			path = Views;
			sourceTree = "<group>";
		};
		30807FA72B663EE600554F80 /* HomeView */ = {
			isa = PBXGroup;
			children = (
				30807FA82B663F0000554F80 /* HomeView.swift */,
				30807FB12B6AB6CB00554F80 /* HyperlinkDemo.swift */,
				3035C0D22B94B1E0006DC7C3 /* MenuDemo.swift */,
			);
			path = HomeView;
			sourceTree = "<group>";
		};
		30807FAA2B66477000554F80 /* Uitils */ = {
			isa = PBXGroup;
			children = (
				30807FAB2B66478700554F80 /* Extensions */,
			);
			path = Uitils;
			sourceTree = "<group>";
		};
		30807FAB2B66478700554F80 /* Extensions */ = {
			isa = PBXGroup;
			children = (
				30807FAC2B66479D00554F80 /* Date+Extension.swift */,
			);
			path = Extensions;
			sourceTree = "<group>";
		};
		30807FAE2B668BC700554F80 /* AddTaskView */ = {
			isa = PBXGroup;
			children = (
				30807FAF2B668BDC00554F80 /* AddTaskView.swift */,
			);
			path = AddTaskView;
			sourceTree = "<group>";
		};
		30D951BA2B9E0780001EDEB8 /* TaskDetailView */ = {
			isa = PBXGroup;
			children = (
				30D951BB2B9E0795001EDEB8 /* TaskDetailView.swift */,
			);
			path = TaskDetailView;
			sourceTree = "<group>";
		};
/* End PBXGroup section */

/* Begin PBXNativeTarget section */
		30807F6D2B663B5600554F80 /* MyTask */ = {
			isa = PBXNativeTarget;
			buildConfigurationList = 30807F972B663B5800554F80 /* Build configuration list for PBXNativeTarget "MyTask" */;
			buildPhases = (
				30807F6A2B663B5600554F80 /* Sources */,
				30807F6B2B663B5600554F80 /* Frameworks */,
				30807F6C2B663B5600554F80 /* Resources */,
			);
			buildRules = (
			);
			dependencies = (
			);
			name = MyTask;
			productName = MyTask;
			productReference = 30807F6E2B663B5600554F80 /* MyTask.app */;
			productType = "com.apple.product-type.application";
		};
		30807F822B663B5800554F80 /* MyTaskTests */ = {
			isa = PBXNativeTarget;
			buildConfigurationList = 30807F9A2B663B5800554F80 /* Build configuration list for PBXNativeTarget "MyTaskTests" */;
			buildPhases = (
				30807F7F2B663B5800554F80 /* Sources */,
				30807F802B663B5800554F80 /* Frameworks */,
				30807F812B663B5800554F80 /* Resources */,
			);
			buildRules = (
			);
			dependencies = (
				30807F852B663B5800554F80 /* PBXTargetDependency */,
			);
			name = MyTaskTests;
			productName = MyTaskTests;
			productReference = 30807F832B663B5800554F80 /* MyTaskTests.xctest */;
			productType = "com.apple.product-type.bundle.unit-test";
		};
		30807F8C2B663B5800554F80 /* MyTaskUITests */ = {
			isa = PBXNativeTarget;
			buildConfigurationList = 30807F9D2B663B5800554F80 /* Build configuration list for PBXNativeTarget "MyTaskUITests" */;
			buildPhases = (
				30807F892B663B5800554F80 /* Sources */,
				30807F8A2B663B5800554F80 /* Frameworks */,
				30807F8B2B663B5800554F80 /* Resources */,
			);
			buildRules = (
			);
			dependencies = (
				30807F8F2B663B5800554F80 /* PBXTargetDependency */,
			);
			name = MyTaskUITests;
			productName = MyTaskUITests;
			productReference = 30807F8D2B663B5800554F80 /* MyTaskUITests.xctest */;
			productType = "com.apple.product-type.bundle.ui-testing";
		};
/* End PBXNativeTarget section */

/* Begin PBXProject section */
		30807F662B663B5600554F80 /* Project object */ = {
			isa = PBXProject;
			attributes = {
				BuildIndependentTargetsInParallel = 1;
				LastSwiftUpdateCheck = 1520;
				LastUpgradeCheck = 1520;
				TargetAttributes = {
					30807F6D2B663B5600554F80 = {
						CreatedOnToolsVersion = 15.2;
					};
					30807F822B663B5800554F80 = {
						CreatedOnToolsVersion = 15.2;
						TestTargetID = 30807F6D2B663B5600554F80;
					};
					30807F8C2B663B5800554F80 = {
						CreatedOnToolsVersion = 15.2;
						TestTargetID = 30807F6D2B663B5600554F80;
					};
				};
			};
			buildConfigurationList = 30807F692B663B5600554F80 /* Build configuration list for PBXProject "MyTask" */;
			compatibilityVersion = "Xcode 14.0";
			developmentRegion = en;
			hasScannedForEncodings = 0;
			knownRegions = (
				en,
				Base,
			);
			mainGroup = 30807F652B663B5600554F80;
			productRefGroup = 30807F6F2B663B5600554F80 /* Products */;
			projectDirPath = "";
			projectRoot = "";
			targets = (
				30807F6D2B663B5600554F80 /* MyTask */,
				30807F822B663B5800554F80 /* MyTaskTests */,
				30807F8C2B663B5800554F80 /* MyTaskUITests */,
			);
		};
/* End PBXProject section */

/* Begin PBXResourcesBuildPhase section */
		30807F6C2B663B5600554F80 /* Resources */ = {
			isa = PBXResourcesBuildPhase;
			buildActionMask = 2147483647;
			files = (
				30807F792B663B5700554F80 /* Preview Assets.xcassets in Resources */,
				30807F762B663B5700554F80 /* Assets.xcassets in Resources */,
			);
			runOnlyForDeploymentPostprocessing = 0;
		};
		30807F812B663B5800554F80 /* Resources */ = {
			isa = PBXResourcesBuildPhase;
			buildActionMask = 2147483647;
			files = (
			);
			runOnlyForDeploymentPostprocessing = 0;
		};
		30807F8B2B663B5800554F80 /* Resources */ = {
			isa = PBXResourcesBuildPhase;
			buildActionMask = 2147483647;
			files = (
			);
			runOnlyForDeploymentPostprocessing = 0;
		};
/* End PBXResourcesBuildPhase section */

/* Begin PBXSourcesBuildPhase section */
		30807F6A2B663B5600554F80 /* Sources */ = {
			isa = PBXSourcesBuildPhase;
			buildActionMask = 2147483647;
			files = (
				30807FA32B663BFC00554F80 /* Task.swift in Sources */,
				30807FB22B6AB6CB00554F80 /* HyperlinkDemo.swift in Sources */,
				30807F7E2B663B5700554F80 /* MyTask.xcdatamodeld in Sources */,
				30D951BC2B9E0795001EDEB8 /* TaskDetailView.swift in Sources */,
				3035C0D32B94B1E0006DC7C3 /* MenuDemo.swift in Sources */,
				30807F7B2B663B5700554F80 /* Persistence.swift in Sources */,
				30807FB02B668BDC00554F80 /* AddTaskView.swift in Sources */,
				30807FA92B663F0000554F80 /* HomeView.swift in Sources */,
				30807FAD2B66479D00554F80 /* Date+Extension.swift in Sources */,
				30807FA52B663D6300554F80 /* TaskViewModel.swift in Sources */,
				30807F722B663B5600554F80 /* MyTaskApp.swift in Sources */,
			);
			runOnlyForDeploymentPostprocessing = 0;
		};
		30807F7F2B663B5800554F80 /* Sources */ = {
			isa = PBXSourcesBuildPhase;
			buildActionMask = 2147483647;
			files = (
				30807F882B663B5800554F80 /* MyTaskTests.swift in Sources */,
			);
			runOnlyForDeploymentPostprocessing = 0;
		};
		30807F892B663B5800554F80 /* Sources */ = {
			isa = PBXSourcesBuildPhase;
			buildActionMask = 2147483647;
			files = (
				30807F922B663B5800554F80 /* MyTaskUITests.swift in Sources */,
				30807F942B663B5800554F80 /* MyTaskUITestsLaunchTests.swift in Sources */,
			);
			runOnlyForDeploymentPostprocessing = 0;
		};
/* End PBXSourcesBuildPhase section */

/* Begin PBXTargetDependency section */
		30807F852B663B5800554F80 /* PBXTargetDependency */ = {
			isa = PBXTargetDependency;
			target = 30807F6D2B663B5600554F80 /* MyTask */;
			targetProxy = 30807F842B663B5800554F80 /* PBXContainerItemProxy */;
		};
		30807F8F2B663B5800554F80 /* PBXTargetDependency */ = {
			isa = PBXTargetDependency;
			target = 30807F6D2B663B5600554F80 /* MyTask */;
			targetProxy = 30807F8E2B663B5800554F80 /* PBXContainerItemProxy */;
		};
/* End PBXTargetDependency section */

/* Begin XCBuildConfiguration section */
		30807F952B663B5800554F80 /* Debug */ = {
			isa = XCBuildConfiguration;
			buildSettings = {
				ALWAYS_SEARCH_USER_PATHS = NO;
				ASSETCATALOG_COMPILER_GENERATE_SWIFT_ASSET_SYMBOL_EXTENSIONS = YES;
				CLANG_ANALYZER_NONNULL = YES;
				CLANG_ANALYZER_NUMBER_OBJECT_CONVERSION = YES_AGGRESSIVE;
				CLANG_CXX_LANGUAGE_STANDARD = "gnu++20";
				CLANG_ENABLE_MODULES = YES;
				CLANG_ENABLE_OBJC_ARC = YES;
				CLANG_ENABLE_OBJC_WEAK = YES;
				CLANG_WARN_BLOCK_CAPTURE_AUTORELEASING = YES;
				CLANG_WARN_BOOL_CONVERSION = YES;
				CLANG_WARN_COMMA = YES;
				CLANG_WARN_CONSTANT_CONVERSION = YES;
				CLANG_WARN_DEPRECATED_OBJC_IMPLEMENTATIONS = YES;
				CLANG_WARN_DIRECT_OBJC_ISA_USAGE = YES_ERROR;
				CLANG_WARN_DOCUMENTATION_COMMENTS = YES;
				CLANG_WARN_EMPTY_BODY = YES;
				CLANG_WARN_ENUM_CONVERSION = YES;
				CLANG_WARN_INFINITE_RECURSION = YES;
				CLANG_WARN_INT_CONVERSION = YES;
				CLANG_WARN_NON_LITERAL_NULL_CONVERSION = YES;
				CLANG_WARN_OBJC_IMPLICIT_RETAIN_SELF = YES;
				CLANG_WARN_OBJC_LITERAL_CONVERSION = YES;
				CLANG_WARN_OBJC_ROOT_CLASS = YES_ERROR;
				CLANG_WARN_QUOTED_INCLUDE_IN_FRAMEWORK_HEADER = YES;
				CLANG_WARN_RANGE_LOOP_ANALYSIS = YES;
				CLANG_WARN_STRICT_PROTOTYPES = YES;
				CLANG_WARN_SUSPICIOUS_MOVE = YES;
				CLANG_WARN_UNGUARDED_AVAILABILITY = YES_AGGRESSIVE;
				CLANG_WARN_UNREACHABLE_CODE = YES;
				CLANG_WARN__DUPLICATE_METHOD_MATCH = YES;
				COPY_PHASE_STRIP = NO;
				DEBUG_INFORMATION_FORMAT = dwarf;
				ENABLE_STRICT_OBJC_MSGSEND = YES;
				ENABLE_TESTABILITY = YES;
				ENABLE_USER_SCRIPT_SANDBOXING = YES;
				GCC_C_LANGUAGE_STANDARD = gnu17;
				GCC_DYNAMIC_NO_PIC = NO;
				GCC_NO_COMMON_BLOCKS = YES;
				GCC_OPTIMIZATION_LEVEL = 0;
				GCC_PREPROCESSOR_DEFINITIONS = (
					"DEBUG=1",
					"$(inherited)",
				);
				GCC_WARN_64_TO_32_BIT_CONVERSION = YES;
				GCC_WARN_ABOUT_RETURN_TYPE = YES_ERROR;
				GCC_WARN_UNDECLARED_SELECTOR = YES;
				GCC_WARN_UNINITIALIZED_AUTOS = YES_AGGRESSIVE;
				GCC_WARN_UNUSED_FUNCTION = YES;
				GCC_WARN_UNUSED_VARIABLE = YES;
				IPHONEOS_DEPLOYMENT_TARGET = 17.2;
				LOCALIZATION_PREFERS_STRING_CATALOGS = YES;
				MTL_ENABLE_DEBUG_INFO = INCLUDE_SOURCE;
				MTL_FAST_MATH = YES;
				ONLY_ACTIVE_ARCH = YES;
				SDKROOT = iphoneos;
				SWIFT_ACTIVE_COMPILATION_CONDITIONS = "DEBUG $(inherited)";
				SWIFT_OPTIMIZATION_LEVEL = "-Onone";
			};
			name = Debug;
		};
		30807F962B663B5800554F80 /* Release */ = {
			isa = XCBuildConfiguration;
			buildSettings = {
				ALWAYS_SEARCH_USER_PATHS = NO;
				ASSETCATALOG_COMPILER_GENERATE_SWIFT_ASSET_SYMBOL_EXTENSIONS = YES;
				CLANG_ANALYZER_NONNULL = YES;
				CLANG_ANALYZER_NUMBER_OBJECT_CONVERSION = YES_AGGRESSIVE;
				CLANG_CXX_LANGUAGE_STANDARD = "gnu++20";
				CLANG_ENABLE_MODULES = YES;
				CLANG_ENABLE_OBJC_ARC = YES;
				CLANG_ENABLE_OBJC_WEAK = YES;
				CLANG_WARN_BLOCK_CAPTURE_AUTORELEASING = YES;
				CLANG_WARN_BOOL_CONVERSION = YES;
				CLANG_WARN_COMMA = YES;
				CLANG_WARN_CONSTANT_CONVERSION = YES;
				CLANG_WARN_DEPRECATED_OBJC_IMPLEMENTATIONS = YES;
				CLANG_WARN_DIRECT_OBJC_ISA_USAGE = YES_ERROR;
				CLANG_WARN_DOCUMENTATION_COMMENTS = YES;
				CLANG_WARN_EMPTY_BODY = YES;
				CLANG_WARN_ENUM_CONVERSION = YES;
				CLANG_WARN_INFINITE_RECURSION = YES;
				CLANG_WARN_INT_CONVERSION = YES;
				CLANG_WARN_NON_LITERAL_NULL_CONVERSION = YES;
				CLANG_WARN_OBJC_IMPLICIT_RETAIN_SELF = YES;
				CLANG_WARN_OBJC_LITERAL_CONVERSION = YES;
				CLANG_WARN_OBJC_ROOT_CLASS = YES_ERROR;
				CLANG_WARN_QUOTED_INCLUDE_IN_FRAMEWORK_HEADER = YES;
				CLANG_WARN_RANGE_LOOP_ANALYSIS = YES;
				CLANG_WARN_STRICT_PROTOTYPES = YES;
				CLANG_WARN_SUSPICIOUS_MOVE = YES;
				CLANG_WARN_UNGUARDED_AVAILABILITY = YES_AGGRESSIVE;
				CLANG_WARN_UNREACHABLE_CODE = YES;
				CLANG_WARN__DUPLICATE_METHOD_MATCH = YES;
				COPY_PHASE_STRIP = NO;
				DEBUG_INFORMATION_FORMAT = "dwarf-with-dsym";
				ENABLE_NS_ASSERTIONS = NO;
				ENABLE_STRICT_OBJC_MSGSEND = YES;
				ENABLE_USER_SCRIPT_SANDBOXING = YES;
				GCC_C_LANGUAGE_STANDARD = gnu17;
				GCC_NO_COMMON_BLOCKS = YES;
				GCC_WARN_64_TO_32_BIT_CONVERSION = YES;
				GCC_WARN_ABOUT_RETURN_TYPE = YES_ERROR;
				GCC_WARN_UNDECLARED_SELECTOR = YES;
				GCC_WARN_UNINITIALIZED_AUTOS = YES_AGGRESSIVE;
				GCC_WARN_UNUSED_FUNCTION = YES;
				GCC_WARN_UNUSED_VARIABLE = YES;
				IPHONEOS_DEPLOYMENT_TARGET = 17.2;
				LOCALIZATION_PREFERS_STRING_CATALOGS = YES;
				MTL_ENABLE_DEBUG_INFO = NO;
				MTL_FAST_MATH = YES;
				SDKROOT = iphoneos;
				SWIFT_COMPILATION_MODE = wholemodule;
				VALIDATE_PRODUCT = YES;
			};
			name = Release;
		};
		30807F982B663B5800554F80 /* Debug */ = {
			isa = XCBuildConfiguration;
			buildSettings = {
				ASSETCATALOG_COMPILER_APPICON_NAME = AppIcon;
				ASSETCATALOG_COMPILER_GLOBAL_ACCENT_COLOR_NAME = AccentColor;
				CODE_SIGN_STYLE = Automatic;
				CURRENT_PROJECT_VERSION = 1;
				DEVELOPMENT_ASSET_PATHS = "\"MyTask/Preview Content\"";
				DEVELOPMENT_TEAM = 2WK2AWZ4VM;
				ENABLE_PREVIEWS = YES;
				GENERATE_INFOPLIST_FILE = YES;
				INFOPLIST_KEY_UIApplicationSceneManifest_Generation = YES;
				INFOPLIST_KEY_UIApplicationSupportsIndirectInputEvents = YES;
				INFOPLIST_KEY_UILaunchScreen_Generation = YES;
				INFOPLIST_KEY_UISupportedInterfaceOrientations_iPad = "UIInterfaceOrientationPortrait UIInterfaceOrientationPortraitUpsideDown UIInterfaceOrientationLandscapeLeft UIInterfaceOrientationLandscapeRight";
				INFOPLIST_KEY_UISupportedInterfaceOrientations_iPhone = "UIInterfaceOrientationPortrait UIInterfaceOrientationLandscapeLeft UIInterfaceOrientationLandscapeRight";
				LD_RUNPATH_SEARCH_PATHS = (
					"$(inherited)",
					"@executable_path/Frameworks",
				);
				MARKETING_VERSION = 1.0;
				PRODUCT_BUNDLE_IDENTIFIER = test.MyTask;
				PRODUCT_NAME = "$(TARGET_NAME)";
				SWIFT_EMIT_LOC_STRINGS = YES;
				SWIFT_VERSION = 5.0;
				TARGETED_DEVICE_FAMILY = "1,2";
			};
			name = Debug;
		};
		30807F992B663B5800554F80 /* Release */ = {
			isa = XCBuildConfiguration;
			buildSettings = {
				ASSETCATALOG_COMPILER_APPICON_NAME = AppIcon;
				ASSETCATALOG_COMPILER_GLOBAL_ACCENT_COLOR_NAME = AccentColor;
				CODE_SIGN_STYLE = Automatic;
				CURRENT_PROJECT_VERSION = 1;
				DEVELOPMENT_ASSET_PATHS = "\"MyTask/Preview Content\"";
				DEVELOPMENT_TEAM = 2WK2AWZ4VM;
				ENABLE_PREVIEWS = YES;
				GENERATE_INFOPLIST_FILE = YES;
				INFOPLIST_KEY_UIApplicationSceneManifest_Generation = YES;
				INFOPLIST_KEY_UIApplicationSupportsIndirectInputEvents = YES;
				INFOPLIST_KEY_UILaunchScreen_Generation = YES;
				INFOPLIST_KEY_UISupportedInterfaceOrientations_iPad = "UIInterfaceOrientationPortrait UIInterfaceOrientationPortraitUpsideDown UIInterfaceOrientationLandscapeLeft UIInterfaceOrientationLandscapeRight";
				INFOPLIST_KEY_UISupportedInterfaceOrientations_iPhone = "UIInterfaceOrientationPortrait UIInterfaceOrientationLandscapeLeft UIInterfaceOrientationLandscapeRight";
				LD_RUNPATH_SEARCH_PATHS = (
					"$(inherited)",
					"@executable_path/Frameworks",
				);
				MARKETING_VERSION = 1.0;
				PRODUCT_BUNDLE_IDENTIFIER = test.MyTask;
				PRODUCT_NAME = "$(TARGET_NAME)";
				SWIFT_EMIT_LOC_STRINGS = YES;
				SWIFT_VERSION = 5.0;
				TARGETED_DEVICE_FAMILY = "1,2";
			};
			name = Release;
		};
		30807F9B2B663B5800554F80 /* Debug */ = {
			isa = XCBuildConfiguration;
			buildSettings = {
				ALWAYS_EMBED_SWIFT_STANDARD_LIBRARIES = YES;
				BUNDLE_LOADER = "$(TEST_HOST)";
				CODE_SIGN_STYLE = Automatic;
				CURRENT_PROJECT_VERSION = 1;
				DEVELOPMENT_TEAM = 2WK2AWZ4VM;
				GENERATE_INFOPLIST_FILE = YES;
				IPHONEOS_DEPLOYMENT_TARGET = 17.2;
				MARKETING_VERSION = 1.0;
				PRODUCT_BUNDLE_IDENTIFIER = test.MyTaskTests;
				PRODUCT_NAME = "$(TARGET_NAME)";
				SWIFT_EMIT_LOC_STRINGS = NO;
				SWIFT_VERSION = 5.0;
				TARGETED_DEVICE_FAMILY = "1,2";
				TEST_HOST = "$(BUILT_PRODUCTS_DIR)/MyTask.app/$(BUNDLE_EXECUTABLE_FOLDER_PATH)/MyTask";
			};
			name = Debug;
		};
		30807F9C2B663B5800554F80 /* Release */ = {
			isa = XCBuildConfiguration;
			buildSettings = {
				ALWAYS_EMBED_SWIFT_STANDARD_LIBRARIES = YES;
				BUNDLE_LOADER = "$(TEST_HOST)";
				CODE_SIGN_STYLE = Automatic;
				CURRENT_PROJECT_VERSION = 1;
				DEVELOPMENT_TEAM = 2WK2AWZ4VM;
				GENERATE_INFOPLIST_FILE = YES;
				IPHONEOS_DEPLOYMENT_TARGET = 17.2;
				MARKETING_VERSION = 1.0;
				PRODUCT_BUNDLE_IDENTIFIER = test.MyTaskTests;
				PRODUCT_NAME = "$(TARGET_NAME)";
				SWIFT_EMIT_LOC_STRINGS = NO;
				SWIFT_VERSION = 5.0;
				TARGETED_DEVICE_FAMILY = "1,2";
				TEST_HOST = "$(BUILT_PRODUCTS_DIR)/MyTask.app/$(BUNDLE_EXECUTABLE_FOLDER_PATH)/MyTask";
			};
			name = Release;
		};
		30807F9E2B663B5800554F80 /* Debug */ = {
			isa = XCBuildConfiguration;
			buildSettings = {
				ALWAYS_EMBED_SWIFT_STANDARD_LIBRARIES = YES;
				CODE_SIGN_STYLE = Automatic;
				CURRENT_PROJECT_VERSION = 1;
				DEVELOPMENT_TEAM = 2WK2AWZ4VM;
				GENERATE_INFOPLIST_FILE = YES;
				MARKETING_VERSION = 1.0;
				PRODUCT_BUNDLE_IDENTIFIER = test.MyTaskUITests;
				PRODUCT_NAME = "$(TARGET_NAME)";
				SWIFT_EMIT_LOC_STRINGS = NO;
				SWIFT_VERSION = 5.0;
				TARGETED_DEVICE_FAMILY = "1,2";
				TEST_TARGET_NAME = MyTask;
			};
			name = Debug;
		};
		30807F9F2B663B5800554F80 /* Release */ = {
			isa = XCBuildConfiguration;
			buildSettings = {
				ALWAYS_EMBED_SWIFT_STANDARD_LIBRARIES = YES;
				CODE_SIGN_STYLE = Automatic;
				CURRENT_PROJECT_VERSION = 1;
				DEVELOPMENT_TEAM = 2WK2AWZ4VM;
				GENERATE_INFOPLIST_FILE = YES;
				MARKETING_VERSION = 1.0;
				PRODUCT_BUNDLE_IDENTIFIER = test.MyTaskUITests;
				PRODUCT_NAME = "$(TARGET_NAME)";
				SWIFT_EMIT_LOC_STRINGS = NO;
				SWIFT_VERSION = 5.0;
				TARGETED_DEVICE_FAMILY = "1,2";
				TEST_TARGET_NAME = MyTask;
			};
			name = Release;
		};
/* End XCBuildConfiguration section */

/* Begin XCConfigurationList section */
		30807F692B663B5600554F80 /* Build configuration list for PBXProject "MyTask" */ = {
			isa = XCConfigurationList;
			buildConfigurations = (
				30807F952B663B5800554F80 /* Debug */,
				30807F962B663B5800554F80 /* Release */,
			);
			defaultConfigurationIsVisible = 0;
			defaultConfigurationName = Release;
		};
		30807F972B663B5800554F80 /* Build configuration list for PBXNativeTarget "MyTask" */ = {
			isa = XCConfigurationList;
			buildConfigurations = (
				30807F982B663B5800554F80 /* Debug */,
				30807F992B663B5800554F80 /* Release */,
			);
			defaultConfigurationIsVisible = 0;
			defaultConfigurationName = Release;
		};
		30807F9A2B663B5800554F80 /* Build configuration list for PBXNativeTarget "MyTaskTests" */ = {
			isa = XCConfigurationList;
			buildConfigurations = (
				30807F9B2B663B5800554F80 /* Debug */,
				30807F9C2B663B5800554F80 /* Release */,
			);
			defaultConfigurationIsVisible = 0;
			defaultConfigurationName = Release;
		};
		30807F9D2B663B5800554F80 /* Build configuration list for PBXNativeTarget "MyTaskUITests" */ = {
			isa = XCConfigurationList;
			buildConfigurations = (
				30807F9E2B663B5800554F80 /* Debug */,
				30807F9F2B663B5800554F80 /* Release */,
			);
			defaultConfigurationIsVisible = 0;
			defaultConfigurationName = Release;
		};
/* End XCConfigurationList section */

/* Begin XCVersionGroup section */
		30807F7C2B663B5700554F80 /* MyTask.xcdatamodeld */ = {
			isa = XCVersionGroup;
			children = (
				30807F7D2B663B5700554F80 /* MyTask.xcdatamodel */,
			);
			currentVersion = 30807F7D2B663B5700554F80 /* MyTask.xcdatamodel */;
			path = MyTask.xcdatamodeld;
			sourceTree = "<group>";
			versionGroupType = wrapper.xcdatamodel;
		};
/* End XCVersionGroup section */
	};
	rootObject = 30807F662B663B5600554F80 /* Project object */;
}
